// !$*UTF8*$!
{
	archiveVersion = 1;
	classes = {
	};
	objectVersion = 77;
	objects = {

/* Begin PBXContainerItemProxy section */
		B409C8932D47AA500076B0AD /* PBXContainerItemProxy */ = {
			isa = PBXContainerItemProxy;
			containerPortal = B409C87A2D47AA4D0076B0AD /* Project object */;
			proxyType = 1;
			remoteGlobalIDString = B409C8812D47AA4D0076B0AD;
			remoteInfo = "FunWithPixels-AC-CocoaHeads";
		};
		B409C89D2D47AA500076B0AD /* PBXContainerItemProxy */ = {
			isa = PBXContainerItemProxy;
			containerPortal = B409C87A2D47AA4D0076B0AD /* Project object */;
			proxyType = 1;
			remoteGlobalIDString = B409C8812D47AA4D0076B0AD;
			remoteInfo = "FunWithPixels-AC-CocoaHeads";
		};
/* End PBXContainerItemProxy section */

/* Begin PBXFileReference section */
		B409C8822D47AA4D0076B0AD /* FunWithPixels-AC-CocoaHeads.app */ = {isa = PBXFileReference; explicitFileType = wrapper.application; includeInIndex = 0; path = "FunWithPixels-AC-CocoaHeads.app"; sourceTree = BUILT_PRODUCTS_DIR; };
		B409C8922D47AA500076B0AD /* FunWithPixels-AC-CocoaHeadsTests.xctest */ = {isa = PBXFileReference; explicitFileType = wrapper.cfbundle; includeInIndex = 0; path = "FunWithPixels-AC-CocoaHeadsTests.xctest"; sourceTree = BUILT_PRODUCTS_DIR; };
		B409C89C2D47AA500076B0AD /* FunWithPixels-AC-CocoaHeadsUITests.xctest */ = {isa = PBXFileReference; explicitFileType = wrapper.cfbundle; includeInIndex = 0; path = "FunWithPixels-AC-CocoaHeadsUITests.xctest"; sourceTree = BUILT_PRODUCTS_DIR; };
/* End PBXFileReference section */

/* Begin PBXFileSystemSynchronizedRootGroup section */
		B409C8842D47AA4D0076B0AD /* FunWithPixels-AC-CocoaHeads */ = {
			isa = PBXFileSystemSynchronizedRootGroup;
			path = "FunWithPixels-AC-CocoaHeads";
			sourceTree = "<group>";
		};
		B409C8952D47AA500076B0AD /* FunWithPixels-AC-CocoaHeadsTests */ = {
			isa = PBXFileSystemSynchronizedRootGroup;
			path = "FunWithPixels-AC-CocoaHeadsTests";
			sourceTree = "<group>";
		};
		B409C89F2D47AA500076B0AD /* FunWithPixels-AC-CocoaHeadsUITests */ = {
			isa = PBXFileSystemSynchronizedRootGroup;
			path = "FunWithPixels-AC-CocoaHeadsUITests";
			sourceTree = "<group>";
		};
/* End PBXFileSystemSynchronizedRootGroup section */

/* Begin PBXFrameworksBuildPhase section */
		B409C87F2D47AA4D0076B0AD /* Frameworks */ = {
			isa = PBXFrameworksBuildPhase;
			buildActionMask = 2147483647;
			files = (
			);
			runOnlyForDeploymentPostprocessing = 0;
		};
		B409C88F2D47AA500076B0AD /* Frameworks */ = {
			isa = PBXFrameworksBuildPhase;
			buildActionMask = 2147483647;
			files = (
			);
			runOnlyForDeploymentPostprocessing = 0;
		};
		B409C8992D47AA500076B0AD /* Frameworks */ = {
			isa = PBXFrameworksBuildPhase;
			buildActionMask = 2147483647;
			files = (
			);
			runOnlyForDeploymentPostprocessing = 0;
		};
/* End PBXFrameworksBuildPhase section */

/* Begin PBXGroup section */
		B409C8792D47AA4D0076B0AD = {
			isa = PBXGroup;
			children = (
				B409C8842D47AA4D0076B0AD /* FunWithPixels-AC-CocoaHeads */,
				B409C8952D47AA500076B0AD /* FunWithPixels-AC-CocoaHeadsTests */,
				B409C89F2D47AA500076B0AD /* FunWithPixels-AC-CocoaHeadsUITests */,
				B409C8832D47AA4D0076B0AD /* Products */,
			);
			sourceTree = "<group>";
		};
		B409C8832D47AA4D0076B0AD /* Products */ = {
			isa = PBXGroup;
			children = (
				B409C8822D47AA4D0076B0AD /* FunWithPixels-AC-CocoaHeads.app */,
				B409C8922D47AA500076B0AD /* FunWithPixels-AC-CocoaHeadsTests.xctest */,
				B409C89C2D47AA500076B0AD /* FunWithPixels-AC-CocoaHeadsUITests.xctest */,
			);
			name = Products;
			sourceTree = "<group>";
		};
/* End PBXGroup section */

/* Begin PBXNativeTarget section */
		B409C8812D47AA4D0076B0AD /* FunWithPixels-AC-CocoaHeads */ = {
			isa = PBXNativeTarget;
			buildConfigurationList = B409C8A62D47AA500076B0AD /* Build configuration list for PBXNativeTarget "FunWithPixels-AC-CocoaHeads" */;
			buildPhases = (
				B409C87E2D47AA4D0076B0AD /* Sources */,
				B409C87F2D47AA4D0076B0AD /* Frameworks */,
				B409C8802D47AA4D0076B0AD /* Resources */,
			);
			buildRules = (
			);
			dependencies = (
			);
			fileSystemSynchronizedGroups = (
				B409C8842D47AA4D0076B0AD /* FunWithPixels-AC-CocoaHeads */,
			);
			name = "FunWithPixels-AC-CocoaHeads";
			packageProductDependencies = (
			);
			productName = "FunWithPixels-AC-CocoaHeads";
			productReference = B409C8822D47AA4D0076B0AD /* FunWithPixels-AC-CocoaHeads.app */;
			productType = "com.apple.product-type.application";
		};
		B409C8912D47AA500076B0AD /* FunWithPixels-AC-CocoaHeadsTests */ = {
			isa = PBXNativeTarget;
			buildConfigurationList = B409C8A92D47AA500076B0AD /* Build configuration list for PBXNativeTarget "FunWithPixels-AC-CocoaHeadsTests" */;
			buildPhases = (
				B409C88E2D47AA500076B0AD /* Sources */,
				B409C88F2D47AA500076B0AD /* Frameworks */,
				B409C8902D47AA500076B0AD /* Resources */,
			);
			buildRules = (
			);
			dependencies = (
				B409C8942D47AA500076B0AD /* PBXTargetDependency */,
			);
			fileSystemSynchronizedGroups = (
				B409C8952D47AA500076B0AD /* FunWithPixels-AC-CocoaHeadsTests */,
			);
			name = "FunWithPixels-AC-CocoaHeadsTests";
			packageProductDependencies = (
			);
			productName = "FunWithPixels-AC-CocoaHeadsTests";
			productReference = B409C8922D47AA500076B0AD /* FunWithPixels-AC-CocoaHeadsTests.xctest */;
			productType = "com.apple.product-type.bundle.unit-test";
		};
		B409C89B2D47AA500076B0AD /* FunWithPixels-AC-CocoaHeadsUITests */ = {
			isa = PBXNativeTarget;
			buildConfigurationList = B409C8AC2D47AA500076B0AD /* Build configuration list for PBXNativeTarget "FunWithPixels-AC-CocoaHeadsUITests" */;
			buildPhases = (
				B409C8982D47AA500076B0AD /* Sources */,
				B409C8992D47AA500076B0AD /* Frameworks */,
				B409C89A2D47AA500076B0AD /* Resources */,
			);
			buildRules = (
			);
			dependencies = (
				B409C89E2D47AA500076B0AD /* PBXTargetDependency */,
			);
			fileSystemSynchronizedGroups = (
				B409C89F2D47AA500076B0AD /* FunWithPixels-AC-CocoaHeadsUITests */,
			);
			name = "FunWithPixels-AC-CocoaHeadsUITests";
			packageProductDependencies = (
			);
			productName = "FunWithPixels-AC-CocoaHeadsUITests";
			productReference = B409C89C2D47AA500076B0AD /* FunWithPixels-AC-CocoaHeadsUITests.xctest */;
			productType = "com.apple.product-type.bundle.ui-testing";
		};
/* End PBXNativeTarget section */

/* Begin PBXProject section */
		B409C87A2D47AA4D0076B0AD /* Project object */ = {
			isa = PBXProject;
			attributes = {
				BuildIndependentTargetsInParallel = 1;
				LastSwiftUpdateCheck = 1620;
				LastUpgradeCheck = 1620;
				TargetAttributes = {
					B409C8812D47AA4D0076B0AD = {
						CreatedOnToolsVersion = 16.2;
					};
					B409C8912D47AA500076B0AD = {
						CreatedOnToolsVersion = 16.2;
						TestTargetID = B409C8812D47AA4D0076B0AD;
					};
					B409C89B2D47AA500076B0AD = {
						CreatedOnToolsVersion = 16.2;
						TestTargetID = B409C8812D47AA4D0076B0AD;
					};
				};
			};
			buildConfigurationList = B409C87D2D47AA4D0076B0AD /* Build configuration list for PBXProject "FunWithPixels-AC-CocoaHeads" */;
			developmentRegion = en;
			hasScannedForEncodings = 0;
			knownRegions = (
				en,
				Base,
			);
			mainGroup = B409C8792D47AA4D0076B0AD;
			minimizedProjectReferenceProxies = 1;
			preferredProjectObjectVersion = 77;
			productRefGroup = B409C8832D47AA4D0076B0AD /* Products */;
			projectDirPath = "";
			projectRoot = "";
			targets = (
				B409C8812D47AA4D0076B0AD /* FunWithPixels-AC-CocoaHeads */,
				B409C8912D47AA500076B0AD /* FunWithPixels-AC-CocoaHeadsTests */,
				B409C89B2D47AA500076B0AD /* FunWithPixels-AC-CocoaHeadsUITests */,
			);
		};
/* End PBXProject section */

/* Begin PBXResourcesBuildPhase section */
		B409C8802D47AA4D0076B0AD /* Resources */ = {
			isa = PBXResourcesBuildPhase;
			buildActionMask = 2147483647;
			files = (
			);
			runOnlyForDeploymentPostprocessing = 0;
		};
		B409C8902D47AA500076B0AD /* Resources */ = {
			isa = PBXResourcesBuildPhase;
			buildActionMask = 2147483647;
			files = (
			);
			runOnlyForDeploymentPostprocessing = 0;
		};
		B409C89A2D47AA500076B0AD /* Resources */ = {
			isa = PBXResourcesBuildPhase;
			buildActionMask = 2147483647;
			files = (
			);
			runOnlyForDeploymentPostprocessing = 0;
		};
/* End PBXResourcesBuildPhase section */

/* Begin PBXSourcesBuildPhase section */
		B409C87E2D47AA4D0076B0AD /* Sources */ = {
			isa = PBXSourcesBuildPhase;
			buildActionMask = 2147483647;
			files = (
			);
			runOnlyForDeploymentPostprocessing = 0;
		};
		B409C88E2D47AA500076B0AD /* Sources */ = {
			isa = PBXSourcesBuildPhase;
			buildActionMask = 2147483647;
			files = (
			);
			runOnlyForDeploymentPostprocessing = 0;
		};
		B409C8982D47AA500076B0AD /* Sources */ = {
			isa = PBXSourcesBuildPhase;
			buildActionMask = 2147483647;
			files = (
			);
			runOnlyForDeploymentPostprocessing = 0;
		};
/* End PBXSourcesBuildPhase section */

/* Begin PBXTargetDependency section */
		B409C8942D47AA500076B0AD /* PBXTargetDependency */ = {
			isa = PBXTargetDependency;
			target = B409C8812D47AA4D0076B0AD /* FunWithPixels-AC-CocoaHeads */;
			targetProxy = B409C8932D47AA500076B0AD /* PBXContainerItemProxy */;
		};
		B409C89E2D47AA500076B0AD /* PBXTargetDependency */ = {
			isa = PBXTargetDependency;
			target = B409C8812D47AA4D0076B0AD /* FunWithPixels-AC-CocoaHeads */;
			targetProxy = B409C89D2D47AA500076B0AD /* PBXContainerItemProxy */;
		};
/* End PBXTargetDependency section */

/* Begin XCBuildConfiguration section */
		B409C8A42D47AA500076B0AD /* Debug */ = {
			isa = XCBuildConfiguration;
			buildSettings = {
				ALWAYS_SEARCH_USER_PATHS = NO;
				ASSETCATALOG_COMPILER_GENERATE_SWIFT_ASSET_SYMBOL_EXTENSIONS = YES;
				CLANG_ANALYZER_NONNULL = YES;
				CLANG_ANALYZER_NUMBER_OBJECT_CONVERSION = YES_AGGRESSIVE;
				CLANG_CXX_LANGUAGE_STANDARD = "gnu++20";
				CLANG_ENABLE_MODULES = YES;
				CLANG_ENABLE_OBJC_ARC = YES;
				CLANG_ENABLE_OBJC_WEAK = YES;
				CLANG_WARN_BLOCK_CAPTURE_AUTORELEASING = YES;
				CLANG_WARN_BOOL_CONVERSION = YES;
				CLANG_WARN_COMMA = YES;
				CLANG_WARN_CONSTANT_CONVERSION = YES;
				CLANG_WARN_DEPRECATED_OBJC_IMPLEMENTATIONS = YES;
				CLANG_WARN_DIRECT_OBJC_ISA_USAGE = YES_ERROR;
				CLANG_WARN_DOCUMENTATION_COMMENTS = YES;
				CLANG_WARN_EMPTY_BODY = YES;
				CLANG_WARN_ENUM_CONVERSION = YES;
				CLANG_WARN_INFINITE_RECURSION = YES;
				CLANG_WARN_INT_CONVERSION = YES;
				CLANG_WARN_NON_LITERAL_NULL_CONVERSION = YES;
				CLANG_WARN_OBJC_IMPLICIT_RETAIN_SELF = YES;
				CLANG_WARN_OBJC_LITERAL_CONVERSION = YES;
				CLANG_WARN_OBJC_ROOT_CLASS = YES_ERROR;
				CLANG_WARN_QUOTED_INCLUDE_IN_FRAMEWORK_HEADER = YES;
				CLANG_WARN_RANGE_LOOP_ANALYSIS = YES;
				CLANG_WARN_STRICT_PROTOTYPES = YES;
				CLANG_WARN_SUSPICIOUS_MOVE = YES;
				CLANG_WARN_UNGUARDED_AVAILABILITY = YES_AGGRESSIVE;
				CLANG_WARN_UNREACHABLE_CODE = YES;
				CLANG_WARN__DUPLICATE_METHOD_MATCH = YES;
				COPY_PHASE_STRIP = NO;
				DEBUG_INFORMATION_FORMAT = dwarf;
				ENABLE_STRICT_OBJC_MSGSEND = YES;
				ENABLE_TESTABILITY = YES;
				ENABLE_USER_SCRIPT_SANDBOXING = YES;
				GCC_C_LANGUAGE_STANDARD = gnu17;
				GCC_DYNAMIC_NO_PIC = NO;
				GCC_NO_COMMON_BLOCKS = YES;
				GCC_OPTIMIZATION_LEVEL = 0;
				GCC_PREPROCESSOR_DEFINITIONS = (
					"DEBUG=1",
					"$(inherited)",
				);
				GCC_WARN_64_TO_32_BIT_CONVERSION = YES;
				GCC_WARN_ABOUT_RETURN_TYPE = YES_ERROR;
				GCC_WARN_UNDECLARED_SELECTOR = YES;
				GCC_WARN_UNINITIALIZED_AUTOS = YES_AGGRESSIVE;
				GCC_WARN_UNUSED_FUNCTION = YES;
				GCC_WARN_UNUSED_VARIABLE = YES;
				IPHONEOS_DEPLOYMENT_TARGET = 18.2;
				LOCALIZATION_PREFERS_STRING_CATALOGS = YES;
				MTL_ENABLE_DEBUG_INFO = INCLUDE_SOURCE;
				MTL_FAST_MATH = YES;
				ONLY_ACTIVE_ARCH = YES;
				SDKROOT = iphoneos;
				SWIFT_ACTIVE_COMPILATION_CONDITIONS = "DEBUG $(inherited)";
				SWIFT_OPTIMIZATION_LEVEL = "-Onone";
			};
			name = Debug;
		};
		B409C8A52D47AA500076B0AD /* Release */ = {
			isa = XCBuildConfiguration;
			buildSettings = {
				ALWAYS_SEARCH_USER_PATHS = NO;
				ASSETCATALOG_COMPILER_GENERATE_SWIFT_ASSET_SYMBOL_EXTENSIONS = YES;
				CLANG_ANALYZER_NONNULL = YES;
				CLANG_ANALYZER_NUMBER_OBJECT_CONVERSION = YES_AGGRESSIVE;
				CLANG_CXX_LANGUAGE_STANDARD = "gnu++20";
				CLANG_ENABLE_MODULES = YES;
				CLANG_ENABLE_OBJC_ARC = YES;
				CLANG_ENABLE_OBJC_WEAK = YES;
				CLANG_WARN_BLOCK_CAPTURE_AUTORELEASING = YES;
				CLANG_WARN_BOOL_CONVERSION = YES;
				CLANG_WARN_COMMA = YES;
				CLANG_WARN_CONSTANT_CONVERSION = YES;
				CLANG_WARN_DEPRECATED_OBJC_IMPLEMENTATIONS = YES;
				CLANG_WARN_DIRECT_OBJC_ISA_USAGE = YES_ERROR;
				CLANG_WARN_DOCUMENTATION_COMMENTS = YES;
				CLANG_WARN_EMPTY_BODY = YES;
				CLANG_WARN_ENUM_CONVERSION = YES;
				CLANG_WARN_INFINITE_RECURSION = YES;
				CLANG_WARN_INT_CONVERSION = YES;
				CLANG_WARN_NON_LITERAL_NULL_CONVERSION = YES;
				CLANG_WARN_OBJC_IMPLICIT_RETAIN_SELF = YES;
				CLANG_WARN_OBJC_LITERAL_CONVERSION = YES;
				CLANG_WARN_OBJC_ROOT_CLASS = YES_ERROR;
				CLANG_WARN_QUOTED_INCLUDE_IN_FRAMEWORK_HEADER = YES;
				CLANG_WARN_RANGE_LOOP_ANALYSIS = YES;
				CLANG_WARN_STRICT_PROTOTYPES = YES;
				CLANG_WARN_SUSPICIOUS_MOVE = YES;
				CLANG_WARN_UNGUARDED_AVAILABILITY = YES_AGGRESSIVE;
				CLANG_WARN_UNREACHABLE_CODE = YES;
				CLANG_WARN__DUPLICATE_METHOD_MATCH = YES;
				COPY_PHASE_STRIP = NO;
				DEBUG_INFORMATION_FORMAT = "dwarf-with-dsym";
				ENABLE_NS_ASSERTIONS = NO;
				ENABLE_STRICT_OBJC_MSGSEND = YES;
				ENABLE_USER_SCRIPT_SANDBOXING = YES;
				GCC_C_LANGUAGE_STANDARD = gnu17;
				GCC_NO_COMMON_BLOCKS = YES;
				GCC_WARN_64_TO_32_BIT_CONVERSION = YES;
				GCC_WARN_ABOUT_RETURN_TYPE = YES_ERROR;
				GCC_WARN_UNDECLARED_SELECTOR = YES;
				GCC_WARN_UNINITIALIZED_AUTOS = YES_AGGRESSIVE;
				GCC_WARN_UNUSED_FUNCTION = YES;
				GCC_WARN_UNUSED_VARIABLE = YES;
				IPHONEOS_DEPLOYMENT_TARGET = 18.2;
				LOCALIZATION_PREFERS_STRING_CATALOGS = YES;
				MTL_ENABLE_DEBUG_INFO = NO;
				MTL_FAST_MATH = YES;
				SDKROOT = iphoneos;
				SWIFT_COMPILATION_MODE = wholemodule;
				VALIDATE_PRODUCT = YES;
			};
			name = Release;
		};
		B409C8A72D47AA500076B0AD /* Debug */ = {
			isa = XCBuildConfiguration;
			buildSettings = {
				ASSETCATALOG_COMPILER_APPICON_NAME = AppIcon;
				ASSETCATALOG_COMPILER_GLOBAL_ACCENT_COLOR_NAME = AccentColor;
				CODE_SIGN_STYLE = Automatic;
				CURRENT_PROJECT_VERSION = 1;
				DEVELOPMENT_ASSET_PATHS = "\"FunWithPixels-AC-CocoaHeads/Preview Content\"";
				DEVELOPMENT_TEAM = "";
				ENABLE_PREVIEWS = YES;
				GENERATE_INFOPLIST_FILE = YES;
				INFOPLIST_KEY_UIApplicationSceneManifest_Generation = YES;
				INFOPLIST_KEY_UIApplicationSupportsIndirectInputEvents = YES;
				INFOPLIST_KEY_UILaunchScreen_Generation = YES;
				INFOPLIST_KEY_UISupportedInterfaceOrientations_iPad = "UIInterfaceOrientationPortrait UIInterfaceOrientationPortraitUpsideDown UIInterfaceOrientationLandscapeLeft UIInterfaceOrientationLandscapeRight";
				INFOPLIST_KEY_UISupportedInterfaceOrientations_iPhone = "UIInterfaceOrientationPortrait UIInterfaceOrientationLandscapeLeft UIInterfaceOrientationLandscapeRight";
				LD_RUNPATH_SEARCH_PATHS = (
					"$(inherited)",
					"@executable_path/Frameworks",
				);
				MARKETING_VERSION = 1.0;
				PRODUCT_BUNDLE_IDENTIFIER = "de.cocoaheads.FunWithPixels-AC-CocoaHeads";
				PRODUCT_NAME = "$(TARGET_NAME)";
				SWIFT_EMIT_LOC_STRINGS = YES;
				SWIFT_VERSION = 5.0;
				TARGETED_DEVICE_FAMILY = "1,2";
			};
			name = Debug;
		};
		B409C8A82D47AA500076B0AD /* Release */ = {
			isa = XCBuildConfiguration;
			buildSettings = {
				ASSETCATALOG_COMPILER_APPICON_NAME = AppIcon;
				ASSETCATALOG_COMPILER_GLOBAL_ACCENT_COLOR_NAME = AccentColor;
				CODE_SIGN_STYLE = Automatic;
				CURRENT_PROJECT_VERSION = 1;
				DEVELOPMENT_ASSET_PATHS = "\"FunWithPixels-AC-CocoaHeads/Preview Content\"";
				DEVELOPMENT_TEAM = "";
				ENABLE_PREVIEWS = YES;
				GENERATE_INFOPLIST_FILE = YES;
				INFOPLIST_KEY_UIApplicationSceneManifest_Generation = YES;
				INFOPLIST_KEY_UIApplicationSupportsIndirectInputEvents = YES;
				INFOPLIST_KEY_UILaunchScreen_Generation = YES;
				INFOPLIST_KEY_UISupportedInterfaceOrientations_iPad = "UIInterfaceOrientationPortrait UIInterfaceOrientationPortraitUpsideDown UIInterfaceOrientationLandscapeLeft UIInterfaceOrientationLandscapeRight";
				INFOPLIST_KEY_UISupportedInterfaceOrientations_iPhone = "UIInterfaceOrientationPortrait UIInterfaceOrientationLandscapeLeft UIInterfaceOrientationLandscapeRight";
				LD_RUNPATH_SEARCH_PATHS = (
					"$(inherited)",
					"@executable_path/Frameworks",
				);
				MARKETING_VERSION = 1.0;
				PRODUCT_BUNDLE_IDENTIFIER = "de.cocoaheads.FunWithPixels-AC-CocoaHeads";
				PRODUCT_NAME = "$(TARGET_NAME)";
				SWIFT_EMIT_LOC_STRINGS = YES;
				SWIFT_VERSION = 5.0;
				TARGETED_DEVICE_FAMILY = "1,2";
			};
			name = Release;
		};
		B409C8AA2D47AA500076B0AD /* Debug */ = {
			isa = XCBuildConfiguration;
			buildSettings = {
				BUNDLE_LOADER = "$(TEST_HOST)";
				CODE_SIGN_STYLE = Automatic;
				CURRENT_PROJECT_VERSION = 1;
				DEVELOPMENT_TEAM = NG3ZMFE529;
				GENERATE_INFOPLIST_FILE = YES;
				IPHONEOS_DEPLOYMENT_TARGET = 18.2;
				MARKETING_VERSION = 1.0;
				PRODUCT_BUNDLE_IDENTIFIER = "com.lonsing.FunWithPixels-AC-CocoaHeadsTests";
				PRODUCT_NAME = "$(TARGET_NAME)";
				SWIFT_EMIT_LOC_STRINGS = NO;
				SWIFT_VERSION = 5.0;
				TARGETED_DEVICE_FAMILY = "1,2";
				TEST_HOST = "$(BUILT_PRODUCTS_DIR)/FunWithPixels-AC-CocoaHeads.app/$(BUNDLE_EXECUTABLE_FOLDER_PATH)/FunWithPixels-AC-CocoaHeads";
			};
			name = Debug;
		};
		B409C8AB2D47AA500076B0AD /* Release */ = {
			isa = XCBuildConfiguration;
			buildSettings = {
				BUNDLE_LOADER = "$(TEST_HOST)";
				CODE_SIGN_STYLE = Automatic;
				CURRENT_PROJECT_VERSION = 1;
				DEVELOPMENT_TEAM = NG3ZMFE529;
				GENERATE_INFOPLIST_FILE = YES;
				IPHONEOS_DEPLOYMENT_TARGET = 18.2;
				MARKETING_VERSION = 1.0;
				PRODUCT_BUNDLE_IDENTIFIER = "com.lonsing.FunWithPixels-AC-CocoaHeadsTests";
				PRODUCT_NAME = "$(TARGET_NAME)";
				SWIFT_EMIT_LOC_STRINGS = NO;
				SWIFT_VERSION = 5.0;
				TARGETED_DEVICE_FAMILY = "1,2";
				TEST_HOST = "$(BUILT_PRODUCTS_DIR)/FunWithPixels-AC-CocoaHeads.app/$(BUNDLE_EXECUTABLE_FOLDER_PATH)/FunWithPixels-AC-CocoaHeads";
			};
			name = Release;
		};
		B409C8AD2D47AA500076B0AD /* Debug */ = {
			isa = XCBuildConfiguration;
			buildSettings = {
				CODE_SIGN_STYLE = Automatic;
				CURRENT_PROJECT_VERSION = 1;
				DEVELOPMENT_TEAM = NG3ZMFE529;
				GENERATE_INFOPLIST_FILE = YES;
				MARKETING_VERSION = 1.0;
				PRODUCT_BUNDLE_IDENTIFIER = "com.lonsing.FunWithPixels-AC-CocoaHeadsUITests";
				PRODUCT_NAME = "$(TARGET_NAME)";
				SWIFT_EMIT_LOC_STRINGS = NO;
				SWIFT_VERSION = 5.0;
				TARGETED_DEVICE_FAMILY = "1,2";
				TEST_TARGET_NAME = "FunWithPixels-AC-CocoaHeads";
			};
			name = Debug;
		};
		B409C8AE2D47AA500076B0AD /* Release */ = {
			isa = XCBuildConfiguration;
			buildSettings = {
				CODE_SIGN_STYLE = Automatic;
				CURRENT_PROJECT_VERSION = 1;
				DEVELOPMENT_TEAM = NG3ZMFE529;
				GENERATE_INFOPLIST_FILE = YES;
				MARKETING_VERSION = 1.0;
				PRODUCT_BUNDLE_IDENTIFIER = "com.lonsing.FunWithPixels-AC-CocoaHeadsUITests";
				PRODUCT_NAME = "$(TARGET_NAME)";
				SWIFT_EMIT_LOC_STRINGS = NO;
				SWIFT_VERSION = 5.0;
				TARGETED_DEVICE_FAMILY = "1,2";
				TEST_TARGET_NAME = "FunWithPixels-AC-CocoaHeads";
			};
			name = Release;
		};
/* End XCBuildConfiguration section */

/* Begin XCConfigurationList section */
		B409C87D2D47AA4D0076B0AD /* Build configuration list for PBXProject "FunWithPixels-AC-CocoaHeads" */ = {
			isa = XCConfigurationList;
			buildConfigurations = (
				B409C8A42D47AA500076B0AD /* Debug */,
				B409C8A52D47AA500076B0AD /* Release */,
			);
			defaultConfigurationIsVisible = 0;
			defaultConfigurationName = Release;
		};
		B409C8A62D47AA500076B0AD /* Build configuration list for PBXNativeTarget "FunWithPixels-AC-CocoaHeads" */ = {
			isa = XCConfigurationList;
			buildConfigurations = (
				B409C8A72D47AA500076B0AD /* Debug */,
				B409C8A82D47AA500076B0AD /* Release */,
			);
			defaultConfigurationIsVisible = 0;
			defaultConfigurationName = Release;
		};
		B409C8A92D47AA500076B0AD /* Build configuration list for PBXNativeTarget "FunWithPixels-AC-CocoaHeadsTests" */ = {
			isa = XCConfigurationList;
			buildConfigurations = (
				B409C8AA2D47AA500076B0AD /* Debug */,
				B409C8AB2D47AA500076B0AD /* Release */,
			);
			defaultConfigurationIsVisible = 0;
			defaultConfigurationName = Release;
		};
		B409C8AC2D47AA500076B0AD /* Build configuration list for PBXNativeTarget "FunWithPixels-AC-CocoaHeadsUITests" */ = {
			isa = XCConfigurationList;
			buildConfigurations = (
				B409C8AD2D47AA500076B0AD /* Debug */,
				B409C8AE2D47AA500076B0AD /* Release */,
			);
			defaultConfigurationIsVisible = 0;
			defaultConfigurationName = Release;
		};
/* End XCConfigurationList section */
	};
	rootObject = B409C87A2D47AA4D0076B0AD /* Project object */;
}
